{
  "name": "rmmbr",
  "lockfileVersion": 3,
  "requires": true,
  "packages": {
    "": {
      "dependencies": {
        "@instantdb/admin": "^1.0.9"
      }
    },
    "node_modules/@instantdb/admin": {
      "version": "1.0.9",
      "resolved": "https://registry.npmjs.org/@instantdb/admin/-/admin-1.0.9.tgz",
      "integrity": "sha512-EDjJEALGP3YQu5SQCjJ2MU5YQCTCe23jzSkazh1WGvOc1cIUsp2xOge1L+9QRfp8brFchDSABqEgxnXHtQ6aKg==",
      "dependencies": {
        "@instantdb/core": "1.0.9",
        "@instantdb/eventsource": "4.1.0-2",
        "@instantdb/version": "1.0.9",
        "cookie": "^1.1.1",
        "uuid": "^11.1.0"
      }
    },
    "node_modules/@instantdb/core": {
      "version": "1.0.9",
      "resolved": "https://registry.npmjs.org/@instantdb/core/-/core-1.0.9.tgz",
      "integrity": "sha512-jxCEYD/MoCM5XNmiMRKOdlDSsFsIDCOD60FfMpSuBSY0kK9nBvoP1oOppcCZ/43Pys3DB67IVfHiQoUdj+HCNQ==",
      "dependencies": {
        "@instantdb/version": "1.0.9",
        "mutative": "^1.0.10",
        "uuid": "^11.1.0"
      }
    },
    "node_modules/@instantdb/eventsource": {
      "version": "4.1.0-2",
      "resolved": "https://registry.npmjs.org/@instantdb/eventsource/-/eventsource-4.1.0-2.tgz",
      "integrity": "sha512-k2uzhsRzdD7hzV3fv+eoCRNeluZcj4pDfUKKAhvIS6xshc7zHkaM9/m3vxBgaYoNVmvOyaGp84TcHG0/Bp7k4g==",
      "license": "MIT",
      "dependencies": {
        "eventsource-parser": "^3.0.1"
      },
      "engines": {
        "node": ">=20.0.0"
      }
    },
    "node_modules/@instantdb/version": {
      "version": "1.0.9",
      "resolved": "https://registry.npmjs.org/@instantdb/version/-/version-1.0.9.tgz",
      "integrity": "sha512-WJ1hvH4YK7cqoe85EXkek+FZXVea7wQqP6vFpEqrdvNPOhtYTD8yHSKJHBL/adUFAz1fH8hsd0aQiybKVsSHeQ=="
    },
    "node_modules/cookie": {
      "version": "1.1.1",
      "resolved": "https://registry.npmjs.org/cookie/-/cookie-1.1.1.tgz",
      "integrity": "sha512-ei8Aos7ja0weRpFzJnEA9UHJ/7XQmqglbRwnf2ATjcB9Wq874VKH9kfjjirM6UhU2/E5fFYadylyhFldcqSidQ==",
      "license": "MIT",
      "engines": {
        "node": ">=18"
      },
      "funding": {
        "type": "opencollective",
        "url": "https://opencollective.com/express"
      }
    },
    "node_modules/eventsource-parser": {
      "version": "3.0.6",
      "resolved": "https://registry.npmjs.org/eventsource-parser/-/eventsource-parser-3.0.6.tgz",
      "integrity": "sha512-Vo1ab+QXPzZ4tCa8SwIHJFaSzy4R6SHf7BY79rFBDf0idraZWAkYrDjDj8uWaSm3S2TK+hJ7/t1CEmZ7jXw+pg==",
      "license": "MIT",
      "engines": {
        "node": ">=18.0.0"
      }
    },
    "node_modules/mutative": {
      "version": "1.3.0",
      "resolved": "https://registry.npmjs.org/mutative/-/mutative-1.3.0.tgz",
      "integrity": "sha512-8MJj6URmOZAV70dpFe1YnSppRTKC4DsMkXQiBDFayLcDI4ljGokHxmpqaBQuDWa4iAxWaJJ1PS8vAmbntjjKmQ==",
      "license": "MIT",
      "engines": {
        "node": ">=14.0"
      }
    },
    "node_modules/uuid": {
      "version": "11.1.0",
      "resolved": "https://registry.npmjs.org/uuid/-/uuid-11.1.0.tgz",
      "integrity": "sha512-0/A9rDy9P7cJ+8w1c9WD9V//9Wj15Ce2MPz8Ri6032usz+NfePxx5AcN3bN+r6ZL6jEo066/yNYB3tn4pQEx+A==",
      "funding": [
        "https://github.com/sponsors/broofa",
        "https://github.com/sponsors/ctavan"
      ],
      "license": "MIT",
      "bin": {
        "uuid": "dist/esm/bin/uuid"
      }
    }
  }
}
