{
  "name": "rmmbr",
  "lockfileVersion": 3,
  "requires": true,
  "packages": {
    "": {
      "dependencies": {
        "@instantdb/admin": "^1.0.21"
      }
    },
    "node_modules/@instantdb/admin": {
      "version": "1.0.21",
      "resolved": "https://registry.npmjs.org/@instantdb/admin/-/admin-1.0.21.tgz",
      "integrity": "sha512-HOnE6i+lq/LNOouaSqatHYGwKLSowgMCM0aBYiIieDo45x8DHN5Lx2sDnanad4eNzA4OBVffI2ExBDRIh+opQg==",
      "license": "Apache-2.0",
      "dependencies": {
        "@instantdb/core": "1.0.21",
        "@instantdb/eventsource": "4.1.0-2",
        "@instantdb/version": "1.0.21",
        "cookie": "^1.1.1",
        "uuid": "^11.1.0"
      }
    },
    "node_modules/@instantdb/core": {
      "version": "1.0.21",
      "resolved": "https://registry.npmjs.org/@instantdb/core/-/core-1.0.21.tgz",
      "integrity": "sha512-JDzFJZiQb9Vj0SR/6sJ4R0mXea/LhKU27vOj3H6U39WrIbzCqvk3T2vBsy4VfimSRSDHgOTis+0sZjDr7aa9/Q==",
      "license": "Apache-2.0",
      "dependencies": {
        "@instantdb/version": "1.0.21",
        "mutative": "^1.0.10",
        "uuid": "^11.1.0"
      }
    },
    "node_modules/@instantdb/eventsource": {
      "version": "4.1.0-2",
      "resolved": "https://registry.npmjs.org/@instantdb/eventsource/-/eventsource-4.1.0-2.tgz",
      "integrity": "sha512-k2uzhsRzdD7hzV3fv+eoCRNeluZcj4pDfUKKAhvIS6xshc7zHkaM9/m3vxBgaYoNVmvOyaGp84TcHG0/Bp7k4g==",
      "license": "MIT",
      "dependencies": {
        "eventsource-parser": "^3.0.1"
      },
      "engines": {
        "node": ">=20.0.0"
      }
    },
    "node_modules/@instantdb/version": {
      "version": "1.0.21",
      "resolved": "https://registry.npmjs.org/@instantdb/version/-/version-1.0.21.tgz",
      "integrity": "sha512-55Vr4KKaAeRoyajE8g9FiAe6POvSFOSeebdPn4NWdCwodAX+ILSz75+0U0thQqa6RImp84LJkooRlyF/hUMH5g==",
      "license": "Apache-2.0"
    },
    "node_modules/cookie": {
      "version": "1.1.1",
      "resolved": "https://registry.npmjs.org/cookie/-/cookie-1.1.1.tgz",
      "integrity": "sha512-ei8Aos7ja0weRpFzJnEA9UHJ/7XQmqglbRwnf2ATjcB9Wq874VKH9kfjjirM6UhU2/E5fFYadylyhFldcqSidQ==",
      "license": "MIT",
      "engines": {
        "node": ">=18"
      },
      "funding": {
        "type": "opencollective",
        "url": "https://opencollective.com/express"
      }
    },
    "node_modules/eventsource-parser": {
      "version": "3.0.6",
      "resolved": "https://registry.npmjs.org/eventsource-parser/-/eventsource-parser-3.0.6.tgz",
      "integrity": "sha512-Vo1ab+QXPzZ4tCa8SwIHJFaSzy4R6SHf7BY79rFBDf0idraZWAkYrDjDj8uWaSm3S2TK+hJ7/t1CEmZ7jXw+pg==",
      "license": "MIT",
      "engines": {
        "node": ">=18.0.0"
      }
    },
    "node_modules/mutative": {
      "version": "1.3.0",
      "resolved": "https://registry.npmjs.org/mutative/-/mutative-1.3.0.tgz",
      "integrity": "sha512-8MJj6URmOZAV70dpFe1YnSppRTKC4DsMkXQiBDFayLcDI4ljGokHxmpqaBQuDWa4iAxWaJJ1PS8vAmbntjjKmQ==",
      "license": "MIT",
      "engines": {
        "node": ">=14.0"
      }
    },
    "node_modules/uuid": {
      "version": "11.1.1",
      "resolved": "https://registry.npmjs.org/uuid/-/uuid-11.1.1.tgz",
      "integrity": "sha512-vIYxrBCC/N/K+Js3qSN88go7kIfNPssr/hHCesKCQNAjmgvYS2oqr69kIufEG+O4+PfezOH4EbIeHCfFov8ZgQ==",
      "funding": [
        "https://github.com/sponsors/broofa",
        "https://github.com/sponsors/ctavan"
      ],
      "license": "MIT",
      "bin": {
        "uuid": "dist/esm/bin/uuid"
      }
    }
  }
}
